
Microsoft Visual Studio Solution File, Format Version 12.00
# Visual Studio 15
VisualStudioVersion = 15.0.28307.102
MinimumVisualStudioVersion = 10.0.40219.1
Project("{8BC9CEB8-8B4A-11D0-8D11-00A0C91BC942}") = "GetEXEPathByC++", "GetEXEPathByC++\GetEXEPathByC++.vcxproj", "{359F0B3E-3C01-4441-BE05-2DC8AE6BB289}"
EndProject
Global
	GlobalSection(SolutionConfigurationPlatforms) = preSolution
		Debug|x64 = Debug|x64
		Debug|x86 = Debug|x86
		Release|x64 = Release|x64
		Release|x86 = Release|x86
	EndGlobalSection
	GlobalSection(ProjectConfigurationPlatforms) = postSolution
		{359F0B3E-3C01-4441-BE05-2DC8AE6BB289}.Debug|x64.ActiveCfg = Debug|x64
		{359F0B3E-3C01-4441-BE05-2DC8AE6BB289}.Debug|x64.Build.0 = Debug|x64
		{359F0B3E-3C01-4441-BE05-2DC8AE6BB289}.Debug|x86.ActiveCfg = Debug|Win32
		{359F0B3E-3C01-4441-BE05-2DC8AE6BB289}.Debug|x86.Build.0 = Debug|Win32
		{359F0B3E-3C01-4441-BE05-2DC8AE6BB289}.Release|x64.ActiveCfg = Release|x64
		{359F0B3E-3C01-4441-BE05-2DC8AE6BB289}.Release|x64.Build.0 = Release|x64
		{359F0B3E-3C01-4441-BE05-2DC8AE6BB289}.Release|x86.ActiveCfg = Release|Win32
		{359F0B3E-3C01-4441-BE05-2DC8AE6BB289}.Release|x86.Build.0 = Release|Win32
	EndGlobalSection
	GlobalSection(SolutionProperties) = preSolution
		HideSolutionNode = FALSE
	EndGlobalSection
	GlobalSection(ExtensibilityGlobals) = postSolution
		SolutionGuid = {B399C411-E060-4FEA-B2DA-3806BC4AF179}
	EndGlobalSection
EndGlobal
